
Microsoft Visual Studio Solution File, Format Version 12.00
# Visual Studio Version 17
VisualStudioVersion = 17.5.33516.290
MinimumVisualStudioVersion = 10.0.40219.1
Project("{FAE04EC0-301F-11D3-BF4B-00C04F79EFBC}") = "ProCombinedToolbarsMaster", "ProCombinedToolbarsMaster\ProCombinedToolbarsMaster.csproj", "{2869A4ED-1C97-45AC-BE85-842400F96A72}"
EndProject
Global
	GlobalSection(SolutionConfigurationPlatforms) = preSolution
		Debug|Any CPU = Debug|Any CPU
		Release|Any CPU = Release|Any CPU
	EndGlobalSection
	GlobalSection(ProjectConfigurationPlatforms) = postSolution
		{2869A4ED-1C97-45AC-BE85-842400F96A72}.Debug|Any CPU.ActiveCfg = Debug|Any CPU
		{2869A4ED-1C97-45AC-BE85-842400F96A72}.Debug|Any CPU.Build.0 = Debug|Any CPU
		{2869A4ED-1C97-45AC-BE85-842400F96A72}.Release|Any CPU.ActiveCfg = Release|Any CPU
		{2869A4ED-1C97-45AC-BE85-842400F96A72}.Release|Any CPU.Build.0 = Release|Any CPU
	EndGlobalSection
	GlobalSection(SolutionProperties) = preSolution
		HideSolutionNode = FALSE
	EndGlobalSection
	GlobalSection(ExtensibilityGlobals) = postSolution
		SolutionGuid = {CCD9B702-A088-4E7B-B9CE-1F7383E79C7E}
	EndGlobalSection
EndGlobal
